// !$*UTF8*$!
{
	archiveVersion = 1;
	classes = {
	};
	objectVersion = 50;
	objects = {

/* Begin PBXBuildFile section */
		323D8E92235CA2DA00A83C36 /* AppDelegate.swift in Sources */ = {isa = PBXBuildFile; fileRef = 323D8E91235CA2DA00A83C36 /* AppDelegate.swift */; };
		323D8E99235CA2DE00A83C36 /* Assets.xcassets in Resources */ = {isa = PBXBuildFile; fileRef = 323D8E98235CA2DE00A83C36 /* Assets.xcassets */; };
		323D8E9C235CA2DE00A83C36 /* LaunchScreen.storyboard in Resources */ = {isa = PBXBuildFile; fileRef = 323D8E9A235CA2DE00A83C36 /* LaunchScreen.storyboard */; };
		323D8EA7235CA2DE00A83C36 /* SwipeTabViewControllerTests.swift in Sources */ = {isa = PBXBuildFile; fileRef = 323D8EA6235CA2DE00A83C36 /* SwipeTabViewControllerTests.swift */; };
		323D8EB4235CA3B800A83C36 /* Test1ViewController.swift in Sources */ = {isa = PBXBuildFile; fileRef = 323D8EB3235CA3B800A83C36 /* Test1ViewController.swift */; };
		323D8EB6235CA3C100A83C36 /* Test2ViewController.swift in Sources */ = {isa = PBXBuildFile; fileRef = 323D8EB5235CA3C100A83C36 /* Test2ViewController.swift */; };
		323D8EB8235CA3CA00A83C36 /* Test3ViewController.swift in Sources */ = {isa = PBXBuildFile; fileRef = 323D8EB7235CA3CA00A83C36 /* Test3ViewController.swift */; };
		323D8EBA235CA3E400A83C36 /* Test4ViewController.swift in Sources */ = {isa = PBXBuildFile; fileRef = 323D8EB9235CA3E400A83C36 /* Test4ViewController.swift */; };
		323D8EBD235CA3F600A83C36 /* Test5ViewController.swift in Sources */ = {isa = PBXBuildFile; fileRef = 323D8EBC235CA3F600A83C36 /* Test5ViewController.swift */; };
		323D8EBF235CA3FE00A83C36 /* Test6ViewController.swift in Sources */ = {isa = PBXBuildFile; fileRef = 323D8EBE235CA3FE00A83C36 /* Test6ViewController.swift */; };
		323D8EC1235CA45400A83C36 /* ExampleViewController.swift in Sources */ = {isa = PBXBuildFile; fileRef = 323D8EC0235CA45400A83C36 /* ExampleViewController.swift */; };
		323D8EC4235CA55B00A83C36 /* UIViewController+Extension.swift in Sources */ = {isa = PBXBuildFile; fileRef = 323D8EC3235CA55B00A83C36 /* UIViewController+Extension.swift */; };
		323D8EC6235CA59200A83C36 /* View+Animation.swift in Sources */ = {isa = PBXBuildFile; fileRef = 323D8EC5235CA59200A83C36 /* View+Animation.swift */; };
		323D8EC8235CA5B900A83C36 /* View+Constraints.swift in Sources */ = {isa = PBXBuildFile; fileRef = 323D8EC7235CA5B900A83C36 /* View+Constraints.swift */; };
		323D8ECB235CA61200A83C36 /* CodeView.swift in Sources */ = {isa = PBXBuildFile; fileRef = 323D8ECA235CA61200A83C36 /* CodeView.swift */; };
		323D8ECE235CA64D00A83C36 /* CodeViewController.swift in Sources */ = {isa = PBXBuildFile; fileRef = 323D8ECD235CA64D00A83C36 /* CodeViewController.swift */; };
		323D8ED1235CA68600A83C36 /* TabCollectionViewCell.swift in Sources */ = {isa = PBXBuildFile; fileRef = 323D8ED0235CA68600A83C36 /* TabCollectionViewCell.swift */; };
		323D8ED3235CA6B800A83C36 /* TabContentCollectionViewCell.swift in Sources */ = {isa = PBXBuildFile; fileRef = 323D8ED2235CA6B800A83C36 /* TabContentCollectionViewCell.swift */; };
		323D8ED5235CA6D000A83C36 /* View.swift in Sources */ = {isa = PBXBuildFile; fileRef = 323D8ED4235CA6D000A83C36 /* View.swift */; };
		323D8ED8235CA7C900A83C36 /* TabsContentViewModel.swift in Sources */ = {isa = PBXBuildFile; fileRef = 323D8ED7235CA7C900A83C36 /* TabsContentViewModel.swift */; };
		323D8EDA235CA7DE00A83C36 /* TabsViewModel.swift in Sources */ = {isa = PBXBuildFile; fileRef = 323D8ED9235CA7DE00A83C36 /* TabsViewModel.swift */; };
		323D8EDC235CA80C00A83C36 /* ViewModel.swift in Sources */ = {isa = PBXBuildFile; fileRef = 323D8EDB235CA80C00A83C36 /* ViewModel.swift */; };
		323D8EDE235CA82F00A83C36 /* SwipeTabViewController.swift in Sources */ = {isa = PBXBuildFile; fileRef = 323D8EDD235CA82F00A83C36 /* SwipeTabViewController.swift */; };
/* End PBXBuildFile section */

/* Begin PBXContainerItemProxy section */
		323D8EA3235CA2DE00A83C36 /* PBXContainerItemProxy */ = {
			isa = PBXContainerItemProxy;
			containerPortal = 323D8E86235CA2DA00A83C36 /* Project object */;
			proxyType = 1;
			remoteGlobalIDString = 323D8E8D235CA2DA00A83C36;
			remoteInfo = SwipeTabViewController;
		};
/* End PBXContainerItemProxy section */

/* Begin PBXFileReference section */
		323D8E8E235CA2DA00A83C36 /* SwipeTabViewController.app */ = {isa = PBXFileReference; explicitFileType = wrapper.application; includeInIndex = 0; path = SwipeTabViewController.app; sourceTree = BUILT_PRODUCTS_DIR; };
		323D8E91235CA2DA00A83C36 /* AppDelegate.swift */ = {isa = PBXFileReference; lastKnownFileType = sourcecode.swift; path = AppDelegate.swift; sourceTree = "<group>"; };
		323D8E98235CA2DE00A83C36 /* Assets.xcassets */ = {isa = PBXFileReference; lastKnownFileType = folder.assetcatalog; path = Assets.xcassets; sourceTree = "<group>"; };
		323D8E9B235CA2DE00A83C36 /* Base */ = {isa = PBXFileReference; lastKnownFileType = file.storyboard; name = Base; path = Base.lproj/LaunchScreen.storyboard; sourceTree = "<group>"; };
		323D8E9D235CA2DE00A83C36 /* Info.plist */ = {isa = PBXFileReference; lastKnownFileType = text.plist.xml; path = Info.plist; sourceTree = "<group>"; };
		323D8EA2235CA2DE00A83C36 /* SwipeTabViewControllerTests.xctest */ = {isa = PBXFileReference; explicitFileType = wrapper.cfbundle; includeInIndex = 0; path = SwipeTabViewControllerTests.xctest; sourceTree = BUILT_PRODUCTS_DIR; };
		323D8EA6235CA2DE00A83C36 /* SwipeTabViewControllerTests.swift */ = {isa = PBXFileReference; lastKnownFileType = sourcecode.swift; path = SwipeTabViewControllerTests.swift; sourceTree = "<group>"; };
		323D8EA8235CA2DE00A83C36 /* Info.plist */ = {isa = PBXFileReference; lastKnownFileType = text.plist.xml; path = Info.plist; sourceTree = "<group>"; };
		323D8EB3235CA3B800A83C36 /* Test1ViewController.swift */ = {isa = PBXFileReference; lastKnownFileType = sourcecode.swift; path = Test1ViewController.swift; sourceTree = "<group>"; };
		323D8EB5235CA3C100A83C36 /* Test2ViewController.swift */ = {isa = PBXFileReference; lastKnownFileType = sourcecode.swift; path = Test2ViewController.swift; sourceTree = "<group>"; };
		323D8EB7235CA3CA00A83C36 /* Test3ViewController.swift */ = {isa = PBXFileReference; lastKnownFileType = sourcecode.swift; path = Test3ViewController.swift; sourceTree = "<group>"; };
		323D8EB9235CA3E400A83C36 /* Test4ViewController.swift */ = {isa = PBXFileReference; lastKnownFileType = sourcecode.swift; path = Test4ViewController.swift; sourceTree = "<group>"; };
		323D8EBC235CA3F600A83C36 /* Test5ViewController.swift */ = {isa = PBXFileReference; lastKnownFileType = sourcecode.swift; path = Test5ViewController.swift; sourceTree = "<group>"; };
		323D8EBE235CA3FE00A83C36 /* Test6ViewController.swift */ = {isa = PBXFileReference; lastKnownFileType = sourcecode.swift; path = Test6ViewController.swift; sourceTree = "<group>"; };
		323D8EC0235CA45400A83C36 /* ExampleViewController.swift */ = {isa = PBXFileReference; lastKnownFileType = sourcecode.swift; path = ExampleViewController.swift; sourceTree = "<group>"; };
		323D8EC3235CA55B00A83C36 /* UIViewController+Extension.swift */ = {isa = PBXFileReference; lastKnownFileType = sourcecode.swift; path = "UIViewController+Extension.swift"; sourceTree = "<group>"; };
		323D8EC5235CA59200A83C36 /* View+Animation.swift */ = {isa = PBXFileReference; lastKnownFileType = sourcecode.swift; path = "View+Animation.swift"; sourceTree = "<group>"; };
		323D8EC7235CA5B900A83C36 /* View+Constraints.swift */ = {isa = PBXFileReference; lastKnownFileType = sourcecode.swift; path = "View+Constraints.swift"; sourceTree = "<group>"; };
		323D8ECA235CA61200A83C36 /* CodeView.swift */ = {isa = PBXFileReference; lastKnownFileType = sourcecode.swift; path = CodeView.swift; sourceTree = "<group>"; };
		323D8ECD235CA64D00A83C36 /* CodeViewController.swift */ = {isa = PBXFileReference; lastKnownFileType = sourcecode.swift; path = CodeViewController.swift; sourceTree = "<group>"; };
		323D8ED0235CA68600A83C36 /* TabCollectionViewCell.swift */ = {isa = PBXFileReference; lastKnownFileType = sourcecode.swift; path = TabCollectionViewCell.swift; sourceTree = "<group>"; };
		323D8ED2235CA6B800A83C36 /* TabContentCollectionViewCell.swift */ = {isa = PBXFileReference; lastKnownFileType = sourcecode.swift; path = TabContentCollectionViewCell.swift; sourceTree = "<group>"; };
		323D8ED4235CA6D000A83C36 /* View.swift */ = {isa = PBXFileReference; lastKnownFileType = sourcecode.swift; path = View.swift; sourceTree = "<group>"; };
		323D8ED7235CA7C900A83C36 /* TabsContentViewModel.swift */ = {isa = PBXFileReference; lastKnownFileType = sourcecode.swift; path = TabsContentViewModel.swift; sourceTree = "<group>"; };
		323D8ED9235CA7DE00A83C36 /* TabsViewModel.swift */ = {isa = PBXFileReference; lastKnownFileType = sourcecode.swift; path = TabsViewModel.swift; sourceTree = "<group>"; };
		323D8EDB235CA80C00A83C36 /* ViewModel.swift */ = {isa = PBXFileReference; lastKnownFileType = sourcecode.swift; path = ViewModel.swift; sourceTree = "<group>"; };
		323D8EDD235CA82F00A83C36 /* SwipeTabViewController.swift */ = {isa = PBXFileReference; lastKnownFileType = sourcecode.swift; path = SwipeTabViewController.swift; sourceTree = "<group>"; };
/* End PBXFileReference section */

/* Begin PBXFrameworksBuildPhase section */
		323D8E8B235CA2DA00A83C36 /* Frameworks */ = {
			isa = PBXFrameworksBuildPhase;
			buildActionMask = 2147483647;
			files = (
			);
			runOnlyForDeploymentPostprocessing = 0;
		};
		323D8E9F235CA2DE00A83C36 /* Frameworks */ = {
			isa = PBXFrameworksBuildPhase;
			buildActionMask = 2147483647;
			files = (
			);
			runOnlyForDeploymentPostprocessing = 0;
		};
/* End PBXFrameworksBuildPhase section */

/* Begin PBXGroup section */
		323D8E85235CA2DA00A83C36 = {
			isa = PBXGroup;
			children = (
				323D8E90235CA2DA00A83C36 /* SwipeTabViewController */,
				323D8EA5235CA2DE00A83C36 /* SwipeTabViewControllerTests */,
				323D8E8F235CA2DA00A83C36 /* Products */,
			);
			sourceTree = "<group>";
		};
		323D8E8F235CA2DA00A83C36 /* Products */ = {
			isa = PBXGroup;
			children = (
				323D8E8E235CA2DA00A83C36 /* SwipeTabViewController.app */,
				323D8EA2235CA2DE00A83C36 /* SwipeTabViewControllerTests.xctest */,
			);
			name = Products;
			sourceTree = "<group>";
		};
		323D8E90235CA2DA00A83C36 /* SwipeTabViewController */ = {
			isa = PBXGroup;
			children = (
				323D8ED6235CA7B900A83C36 /* ViewModel */,
				323D8ECF235CA66D00A83C36 /* View */,
				323D8ECC235CA63000A83C36 /* UIKit */,
				323D8EC9235CA5D900A83C36 /* Resources */,
				323D8EC2235CA52300A83C36 /* Extension */,
				323D8EB1235CA37800A83C36 /* Example */,
				323D8E91235CA2DA00A83C36 /* AppDelegate.swift */,
				323D8EDD235CA82F00A83C36 /* SwipeTabViewController.swift */,
				323D8E9D235CA2DE00A83C36 /* Info.plist */,
			);
			path = SwipeTabViewController;
			sourceTree = "<group>";
		};
		323D8EA5235CA2DE00A83C36 /* SwipeTabViewControllerTests */ = {
			isa = PBXGroup;
			children = (
				323D8EA6235CA2DE00A83C36 /* SwipeTabViewControllerTests.swift */,
				323D8EA8235CA2DE00A83C36 /* Info.plist */,
			);
			path = SwipeTabViewControllerTests;
			sourceTree = "<group>";
		};
		323D8EB1235CA37800A83C36 /* Example */ = {
			isa = PBXGroup;
			children = (
				323D8EB2235CA3A600A83C36 /* TestViewControllers */,
				323D8EC0235CA45400A83C36 /* ExampleViewController.swift */,
			);
			path = Example;
			sourceTree = "<group>";
		};
		323D8EB2235CA3A600A83C36 /* TestViewControllers */ = {
			isa = PBXGroup;
			children = (
				323D8EB3235CA3B800A83C36 /* Test1ViewController.swift */,
				323D8EB5235CA3C100A83C36 /* Test2ViewController.swift */,
				323D8EB7235CA3CA00A83C36 /* Test3ViewController.swift */,
				323D8EB9235CA3E400A83C36 /* Test4ViewController.swift */,
				323D8EBC235CA3F600A83C36 /* Test5ViewController.swift */,
				323D8EBE235CA3FE00A83C36 /* Test6ViewController.swift */,
			);
			path = TestViewControllers;
			sourceTree = "<group>";
		};
		323D8EC2235CA52300A83C36 /* Extension */ = {
			isa = PBXGroup;
			children = (
				323D8EC3235CA55B00A83C36 /* UIViewController+Extension.swift */,
				323D8EC5235CA59200A83C36 /* View+Animation.swift */,
				323D8EC7235CA5B900A83C36 /* View+Constraints.swift */,
			);
			path = Extension;
			sourceTree = "<group>";
		};
		323D8EC9235CA5D900A83C36 /* Resources */ = {
			isa = PBXGroup;
			children = (
				323D8E98235CA2DE00A83C36 /* Assets.xcassets */,
				323D8E9A235CA2DE00A83C36 /* LaunchScreen.storyboard */,
			);
			path = Resources;
			sourceTree = "<group>";
		};
		323D8ECC235CA63000A83C36 /* UIKit */ = {
			isa = PBXGroup;
			children = (
				323D8ECA235CA61200A83C36 /* CodeView.swift */,
				323D8ECD235CA64D00A83C36 /* CodeViewController.swift */,
			);
			path = UIKit;
			sourceTree = "<group>";
		};
		323D8ECF235CA66D00A83C36 /* View */ = {
			isa = PBXGroup;
			children = (
				323D8ED0235CA68600A83C36 /* TabCollectionViewCell.swift */,
				323D8ED2235CA6B800A83C36 /* TabContentCollectionViewCell.swift */,
				323D8ED4235CA6D000A83C36 /* View.swift */,
			);
			path = View;
			sourceTree = "<group>";
		};
		323D8ED6235CA7B900A83C36 /* ViewModel */ = {
			isa = PBXGroup;
			children = (
				323D8ED7235CA7C900A83C36 /* TabsContentViewModel.swift */,
				323D8ED9235CA7DE00A83C36 /* TabsViewModel.swift */,
				323D8EDB235CA80C00A83C36 /* ViewModel.swift */,
			);
			path = ViewModel;
			sourceTree = "<group>";
		};
/* End PBXGroup section */

/* Begin PBXNativeTarget section */
		323D8E8D235CA2DA00A83C36 /* SwipeTabViewController */ = {
			isa = PBXNativeTarget;
			buildConfigurationList = 323D8EAB235CA2DE00A83C36 /* Build configuration list for PBXNativeTarget "SwipeTabViewController" */;
			buildPhases = (
				323D8E8A235CA2DA00A83C36 /* Sources */,
				323D8E8B235CA2DA00A83C36 /* Frameworks */,
				323D8E8C235CA2DA00A83C36 /* Resources */,
			);
			buildRules = (
			);
			dependencies = (
			);
			name = SwipeTabViewController;
			productName = SwipeTabViewController;
			productReference = 323D8E8E235CA2DA00A83C36 /* SwipeTabViewController.app */;
			productType = "com.apple.product-type.application";
		};
		323D8EA1235CA2DE00A83C36 /* SwipeTabViewControllerTests */ = {
			isa = PBXNativeTarget;
			buildConfigurationList = 323D8EAE235CA2DE00A83C36 /* Build configuration list for PBXNativeTarget "SwipeTabViewControllerTests" */;
			buildPhases = (
				323D8E9E235CA2DE00A83C36 /* Sources */,
				323D8E9F235CA2DE00A83C36 /* Frameworks */,
				323D8EA0235CA2DE00A83C36 /* Resources */,
			);
			buildRules = (
			);
			dependencies = (
				323D8EA4235CA2DE00A83C36 /* PBXTargetDependency */,
			);
			name = SwipeTabViewControllerTests;
			productName = SwipeTabViewControllerTests;
			productReference = 323D8EA2235CA2DE00A83C36 /* SwipeTabViewControllerTests.xctest */;
			productType = "com.apple.product-type.bundle.unit-test";
		};
/* End PBXNativeTarget section */

/* Begin PBXProject section */
		323D8E86235CA2DA00A83C36 /* Project object */ = {
			isa = PBXProject;
			attributes = {
				LastSwiftUpdateCheck = 1020;
				LastUpgradeCheck = 1020;
				ORGANIZATIONNAME = "Levchuk Misha";
				TargetAttributes = {
					323D8E8D235CA2DA00A83C36 = {
						CreatedOnToolsVersion = 10.2.1;
					};
					323D8EA1235CA2DE00A83C36 = {
						CreatedOnToolsVersion = 10.2.1;
						TestTargetID = 323D8E8D235CA2DA00A83C36;
					};
				};
			};
			buildConfigurationList = 323D8E89235CA2DA00A83C36 /* Build configuration list for PBXProject "SwipeTabViewController" */;
			compatibilityVersion = "Xcode 9.3";
			developmentRegion = en;
			hasScannedForEncodings = 0;
			knownRegions = (
				en,
				Base,
			);
			mainGroup = 323D8E85235CA2DA00A83C36;
			productRefGroup = 323D8E8F235CA2DA00A83C36 /* Products */;
			projectDirPath = "";
			projectRoot = "";
			targets = (
				323D8E8D235CA2DA00A83C36 /* SwipeTabViewController */,
				323D8EA1235CA2DE00A83C36 /* SwipeTabViewControllerTests */,
			);
		};
/* End PBXProject section */

/* Begin PBXResourcesBuildPhase section */
		323D8E8C235CA2DA00A83C36 /* Resources */ = {
			isa = PBXResourcesBuildPhase;
			buildActionMask = 2147483647;
			files = (
				323D8E9C235CA2DE00A83C36 /* LaunchScreen.storyboard in Resources */,
				323D8E99235CA2DE00A83C36 /* Assets.xcassets in Resources */,
			);
			runOnlyForDeploymentPostprocessing = 0;
		};
		323D8EA0235CA2DE00A83C36 /* Resources */ = {
			isa = PBXResourcesBuildPhase;
			buildActionMask = 2147483647;
			files = (
			);
			runOnlyForDeploymentPostprocessing = 0;
		};
/* End PBXResourcesBuildPhase section */

/* Begin PBXSourcesBuildPhase section */
		323D8E8A235CA2DA00A83C36 /* Sources */ = {
			isa = PBXSourcesBuildPhase;
			buildActionMask = 2147483647;
			files = (
				323D8ED5235CA6D000A83C36 /* View.swift in Sources */,
				323D8EC4235CA55B00A83C36 /* UIViewController+Extension.swift in Sources */,
				323D8EB4235CA3B800A83C36 /* Test1ViewController.swift in Sources */,
				323D8ED3235CA6B800A83C36 /* TabContentCollectionViewCell.swift in Sources */,
				323D8EC8235CA5B900A83C36 /* View+Constraints.swift in Sources */,
				323D8ECB235CA61200A83C36 /* CodeView.swift in Sources */,
				323D8EC6235CA59200A83C36 /* View+Animation.swift in Sources */,
				323D8EC1235CA45400A83C36 /* ExampleViewController.swift in Sources */,
				323D8EB6235CA3C100A83C36 /* Test2ViewController.swift in Sources */,
				323D8EBD235CA3F600A83C36 /* Test5ViewController.swift in Sources */,
				323D8ED1235CA68600A83C36 /* TabCollectionViewCell.swift in Sources */,
				323D8EDC235CA80C00A83C36 /* ViewModel.swift in Sources */,
				323D8ECE235CA64D00A83C36 /* CodeViewController.swift in Sources */,
				323D8EDE235CA82F00A83C36 /* SwipeTabViewController.swift in Sources */,
				323D8EBA235CA3E400A83C36 /* Test4ViewController.swift in Sources */,
				323D8EB8235CA3CA00A83C36 /* Test3ViewController.swift in Sources */,
				323D8ED8235CA7C900A83C36 /* TabsContentViewModel.swift in Sources */,
				323D8EBF235CA3FE00A83C36 /* Test6ViewController.swift in Sources */,
				323D8EDA235CA7DE00A83C36 /* TabsViewModel.swift in Sources */,
				323D8E92235CA2DA00A83C36 /* AppDelegate.swift in Sources */,
			);
			runOnlyForDeploymentPostprocessing = 0;
		};
		323D8E9E235CA2DE00A83C36 /* Sources */ = {
			isa = PBXSourcesBuildPhase;
			buildActionMask = 2147483647;
			files = (
				323D8EA7235CA2DE00A83C36 /* SwipeTabViewControllerTests.swift in Sources */,
			);
			runOnlyForDeploymentPostprocessing = 0;
		};
/* End PBXSourcesBuildPhase section */

/* Begin PBXTargetDependency section */
		323D8EA4235CA2DE00A83C36 /* PBXTargetDependency */ = {
			isa = PBXTargetDependency;
			target = 323D8E8D235CA2DA00A83C36 /* SwipeTabViewController */;
			targetProxy = 323D8EA3235CA2DE00A83C36 /* PBXContainerItemProxy */;
		};
/* End PBXTargetDependency section */

/* Begin PBXVariantGroup section */
		323D8E9A235CA2DE00A83C36 /* LaunchScreen.storyboard */ = {
			isa = PBXVariantGroup;
			children = (
				323D8E9B235CA2DE00A83C36 /* Base */,
			);
			name = LaunchScreen.storyboard;
			sourceTree = "<group>";
		};
/* End PBXVariantGroup section */

/* Begin XCBuildConfiguration section */
		323D8EA9235CA2DE00A83C36 /* Debug */ = {
			isa = XCBuildConfiguration;
			buildSettings = {
				ALWAYS_SEARCH_USER_PATHS = NO;
				CLANG_ANALYZER_NONNULL = YES;
				CLANG_ANALYZER_NUMBER_OBJECT_CONVERSION = YES_AGGRESSIVE;
				CLANG_CXX_LANGUAGE_STANDARD = "gnu++14";
				CLANG_CXX_LIBRARY = "libc++";
				CLANG_ENABLE_MODULES = YES;
				CLANG_ENABLE_OBJC_ARC = YES;
				CLANG_ENABLE_OBJC_WEAK = YES;
				CLANG_WARN_BLOCK_CAPTURE_AUTORELEASING = YES;
				CLANG_WARN_BOOL_CONVERSION = YES;
				CLANG_WARN_COMMA = YES;
				CLANG_WARN_CONSTANT_CONVERSION = YES;
				CLANG_WARN_DEPRECATED_OBJC_IMPLEMENTATIONS = YES;
				CLANG_WARN_DIRECT_OBJC_ISA_USAGE = YES_ERROR;
				CLANG_WARN_DOCUMENTATION_COMMENTS = YES;
				CLANG_WARN_EMPTY_BODY = YES;
				CLANG_WARN_ENUM_CONVERSION = YES;
				CLANG_WARN_INFINITE_RECURSION = YES;
				CLANG_WARN_INT_CONVERSION = YES;
				CLANG_WARN_NON_LITERAL_NULL_CONVERSION = YES;
				CLANG_WARN_OBJC_IMPLICIT_RETAIN_SELF = YES;
				CLANG_WARN_OBJC_LITERAL_CONVERSION = YES;
				CLANG_WARN_OBJC_ROOT_CLASS = YES_ERROR;
				CLANG_WARN_RANGE_LOOP_ANALYSIS = YES;
				CLANG_WARN_STRICT_PROTOTYPES = YES;
				CLANG_WARN_SUSPICIOUS_MOVE = YES;
				CLANG_WARN_UNGUARDED_AVAILABILITY = YES_AGGRESSIVE;
				CLANG_WARN_UNREACHABLE_CODE = YES;
				CLANG_WARN__DUPLICATE_METHOD_MATCH = YES;
				CODE_SIGN_IDENTITY = "iPhone Developer";
				COPY_PHASE_STRIP = NO;
				DEBUG_INFORMATION_FORMAT = dwarf;
				ENABLE_STRICT_OBJC_MSGSEND = YES;
				ENABLE_TESTABILITY = YES;
				GCC_C_LANGUAGE_STANDARD = gnu11;
				GCC_DYNAMIC_NO_PIC = NO;
				GCC_NO_COMMON_BLOCKS = YES;
				GCC_OPTIMIZATION_LEVEL = 0;
				GCC_PREPROCESSOR_DEFINITIONS = (
					"DEBUG=1",
					"$(inherited)",
				);
				GCC_WARN_64_TO_32_BIT_CONVERSION = YES;
				GCC_WARN_ABOUT_RETURN_TYPE = YES_ERROR;
				GCC_WARN_UNDECLARED_SELECTOR = YES;
				GCC_WARN_UNINITIALIZED_AUTOS = YES_AGGRESSIVE;
				GCC_WARN_UNUSED_FUNCTION = YES;
				GCC_WARN_UNUSED_VARIABLE = YES;
				IPHONEOS_DEPLOYMENT_TARGET = 12.2;
				MTL_ENABLE_DEBUG_INFO = INCLUDE_SOURCE;
				MTL_FAST_MATH = YES;
				ONLY_ACTIVE_ARCH = YES;
				SDKROOT = iphoneos;
				SWIFT_ACTIVE_COMPILATION_CONDITIONS = DEBUG;
				SWIFT_OPTIMIZATION_LEVEL = "-Onone";
			};
			name = Debug;
		};
		323D8EAA235CA2DE00A83C36 /* Release */ = {
			isa = XCBuildConfiguration;
			buildSettings = {
				ALWAYS_SEARCH_USER_PATHS = NO;
				CLANG_ANALYZER_NONNULL = YES;
				CLANG_ANALYZER_NUMBER_OBJECT_CONVERSION = YES_AGGRESSIVE;
				CLANG_CXX_LANGUAGE_STANDARD = "gnu++14";
				CLANG_CXX_LIBRARY = "libc++";
				CLANG_ENABLE_MODULES = YES;
				CLANG_ENABLE_OBJC_ARC = YES;
				CLANG_ENABLE_OBJC_WEAK = YES;
				CLANG_WARN_BLOCK_CAPTURE_AUTORELEASING = YES;
				CLANG_WARN_BOOL_CONVERSION = YES;
				CLANG_WARN_COMMA = YES;
				CLANG_WARN_CONSTANT_CONVERSION = YES;
				CLANG_WARN_DEPRECATED_OBJC_IMPLEMENTATIONS = YES;
				CLANG_WARN_DIRECT_OBJC_ISA_USAGE = YES_ERROR;
				CLANG_WARN_DOCUMENTATION_COMMENTS = YES;
				CLANG_WARN_EMPTY_BODY = YES;
				CLANG_WARN_ENUM_CONVERSION = YES;
				CLANG_WARN_INFINITE_RECURSION = YES;
				CLANG_WARN_INT_CONVERSION = YES;
				CLANG_WARN_NON_LITERAL_NULL_CONVERSION = YES;
				CLANG_WARN_OBJC_IMPLICIT_RETAIN_SELF = YES;
				CLANG_WARN_OBJC_LITERAL_CONVERSION = YES;
				CLANG_WARN_OBJC_ROOT_CLASS = YES_ERROR;
				CLANG_WARN_RANGE_LOOP_ANALYSIS = YES;
				CLANG_WARN_STRICT_PROTOTYPES = YES;
				CLANG_WARN_SUSPICIOUS_MOVE = YES;
				CLANG_WARN_UNGUARDED_AVAILABILITY = YES_AGGRESSIVE;
				CLANG_WARN_UNREACHABLE_CODE = YES;
				CLANG_WARN__DUPLICATE_METHOD_MATCH = YES;
				CODE_SIGN_IDENTITY = "iPhone Developer";
				COPY_PHASE_STRIP = NO;
				DEBUG_INFORMATION_FORMAT = "dwarf-with-dsym";
				ENABLE_NS_ASSERTIONS = NO;
				ENABLE_STRICT_OBJC_MSGSEND = YES;
				GCC_C_LANGUAGE_STANDARD = gnu11;
				GCC_NO_COMMON_BLOCKS = YES;
				GCC_WARN_64_TO_32_BIT_CONVERSION = YES;
				GCC_WARN_ABOUT_RETURN_TYPE = YES_ERROR;
				GCC_WARN_UNDECLARED_SELECTOR = YES;
				GCC_WARN_UNINITIALIZED_AUTOS = YES_AGGRESSIVE;
				GCC_WARN_UNUSED_FUNCTION = YES;
				GCC_WARN_UNUSED_VARIABLE = YES;
				IPHONEOS_DEPLOYMENT_TARGET = 12.2;
				MTL_ENABLE_DEBUG_INFO = NO;
				MTL_FAST_MATH = YES;
				SDKROOT = iphoneos;
				SWIFT_COMPILATION_MODE = wholemodule;
				SWIFT_OPTIMIZATION_LEVEL = "-O";
				VALIDATE_PRODUCT = YES;
			};
			name = Release;
		};
		323D8EAC235CA2DE00A83C36 /* Debug */ = {
			isa = XCBuildConfiguration;
			buildSettings = {
				ASSETCATALOG_COMPILER_APPICON_NAME = AppIcon;
				CODE_SIGN_STYLE = Automatic;
				DEVELOPMENT_TEAM = EDG9RYZ466;
				INFOPLIST_FILE = SwipeTabViewController/Info.plist;
				LD_RUNPATH_SEARCH_PATHS = (
					"$(inherited)",
					"@executable_path/Frameworks",
				);
				PRODUCT_BUNDLE_IDENTIFIER = iX0ness.SwipeTabViewController;
				PRODUCT_NAME = "$(TARGET_NAME)";
				SWIFT_VERSION = 5.0;
				TARGETED_DEVICE_FAMILY = "1,2";
			};
			name = Debug;
		};
		323D8EAD235CA2DE00A83C36 /* Release */ = {
			isa = XCBuildConfiguration;
			buildSettings = {
				ASSETCATALOG_COMPILER_APPICON_NAME = AppIcon;
				CODE_SIGN_STYLE = Automatic;
				DEVELOPMENT_TEAM = EDG9RYZ466;
				INFOPLIST_FILE = SwipeTabViewController/Info.plist;
				LD_RUNPATH_SEARCH_PATHS = (
					"$(inherited)",
					"@executable_path/Frameworks",
				);
				PRODUCT_BUNDLE_IDENTIFIER = iX0ness.SwipeTabViewController;
				PRODUCT_NAME = "$(TARGET_NAME)";
				SWIFT_VERSION = 5.0;
				TARGETED_DEVICE_FAMILY = "1,2";
			};
			name = Release;
		};
		323D8EAF235CA2DE00A83C36 /* Debug */ = {
			isa = XCBuildConfiguration;
			buildSettings = {
				ALWAYS_EMBED_SWIFT_STANDARD_LIBRARIES = YES;
				BUNDLE_LOADER = "$(TEST_HOST)";
				CODE_SIGN_STYLE = Automatic;
				DEVELOPMENT_TEAM = EDG9RYZ466;
				INFOPLIST_FILE = SwipeTabViewControllerTests/Info.plist;
				LD_RUNPATH_SEARCH_PATHS = (
					"$(inherited)",
					"@executable_path/Frameworks",
					"@loader_path/Frameworks",
				);
				PRODUCT_BUNDLE_IDENTIFIER = iX0ness.SwipeTabViewControllerTests;
				PRODUCT_NAME = "$(TARGET_NAME)";
				SWIFT_VERSION = 5.0;
				TARGETED_DEVICE_FAMILY = "1,2";
				TEST_HOST = "$(BUILT_PRODUCTS_DIR)/SwipeTabViewController.app/SwipeTabViewController";
			};
			name = Debug;
		};
		323D8EB0235CA2DE00A83C36 /* Release */ = {
			isa = XCBuildConfiguration;
			buildSettings = {
				ALWAYS_EMBED_SWIFT_STANDARD_LIBRARIES = YES;
				BUNDLE_LOADER = "$(TEST_HOST)";
				CODE_SIGN_STYLE = Automatic;
				DEVELOPMENT_TEAM = EDG9RYZ466;
				INFOPLIST_FILE = SwipeTabViewControllerTests/Info.plist;
				LD_RUNPATH_SEARCH_PATHS = (
					"$(inherited)",
					"@executable_path/Frameworks",
					"@loader_path/Frameworks",
				);
				PRODUCT_BUNDLE_IDENTIFIER = iX0ness.SwipeTabViewControllerTests;
				PRODUCT_NAME = "$(TARGET_NAME)";
				SWIFT_VERSION = 5.0;
				TARGETED_DEVICE_FAMILY = "1,2";
				TEST_HOST = "$(BUILT_PRODUCTS_DIR)/SwipeTabViewController.app/SwipeTabViewController";
			};
			name = Release;
		};
/* End XCBuildConfiguration section */

/* Begin XCConfigurationList section */
		323D8E89235CA2DA00A83C36 /* Build configuration list for PBXProject "SwipeTabViewController" */ = {
			isa = XCConfigurationList;
			buildConfigurations = (
				323D8EA9235CA2DE00A83C36 /* Debug */,
				323D8EAA235CA2DE00A83C36 /* Release */,
			);
			defaultConfigurationIsVisible = 0;
			defaultConfigurationName = Release;
		};
		323D8EAB235CA2DE00A83C36 /* Build configuration list for PBXNativeTarget "SwipeTabViewController" */ = {
			isa = XCConfigurationList;
			buildConfigurations = (
				323D8EAC235CA2DE00A83C36 /* Debug */,
				323D8EAD235CA2DE00A83C36 /* Release */,
			);
			defaultConfigurationIsVisible = 0;
			defaultConfigurationName = Release;
		};
		323D8EAE235CA2DE00A83C36 /* Build configuration list for PBXNativeTarget "SwipeTabViewControllerTests" */ = {
			isa = XCConfigurationList;
			buildConfigurations = (
				323D8EAF235CA2DE00A83C36 /* Debug */,
				323D8EB0235CA2DE00A83C36 /* Release */,
			);
			defaultConfigurationIsVisible = 0;
			defaultConfigurationName = Release;
		};
/* End XCConfigurationList section */
	};
	rootObject = 323D8E86235CA2DA00A83C36 /* Project object */;
}
